
Microsoft Visual Studio Solution File, Format Version 12.00
# Visual Studio Version 17
VisualStudioVersion = 17.12.35527.113
MinimumVisualStudioVersion = 10.0.40219.1
Project("{FAE04EC0-301F-11D3-BF4B-00C04F79EFBC}") = "OpenSilverMauiHybridApp.Browser", "OpenSilverMauiHybridApp.Browser\OpenSilverMauiHybridApp.Browser.csproj", "{18BB45FE-0069-4179-9946-B3100FF55626}"
EndProject
Project("{FAE04EC0-301F-11D3-BF4B-00C04F79EFBC}") = "OpenSilverMauiHybridApp", "OpenSilverMauiHybridApp\OpenSilverMauiHybridApp.csproj", "{777697BF-3530-4A4D-94A5-9FFD6CD6D70F}"
EndProject
Project("{FAE04EC0-301F-11D3-BF4B-00C04F79EFBC}") = "OpenSilverMauiHybridApp.MauiHybrid", "OpenSilverMauiHybridApp.MauiHybrid\OpenSilverMauiHybridApp.MauiHybrid.csproj", "{E98BBAFF-DE97-48FB-B99E-019727405EFE}"
EndProject
Global
	GlobalSection(SolutionConfigurationPlatforms) = preSolution
		Debug|Any CPU = Debug|Any CPU
		Release|Any CPU = Release|Any CPU
	EndGlobalSection
	GlobalSection(ProjectConfigurationPlatforms) = postSolution
		{18BB45FE-0069-4179-9946-B3100FF55626}.Debug|Any CPU.ActiveCfg = Debug|Any CPU
		{18BB45FE-0069-4179-9946-B3100FF55626}.Debug|Any CPU.Build.0 = Debug|Any CPU
		{18BB45FE-0069-4179-9946-B3100FF55626}.Release|Any CPU.ActiveCfg = Release|Any CPU
		{18BB45FE-0069-4179-9946-B3100FF55626}.Release|Any CPU.Build.0 = Release|Any CPU
		{777697BF-3530-4A4D-94A5-9FFD6CD6D70F}.Debug|Any CPU.ActiveCfg = Debug|Any CPU
		{777697BF-3530-4A4D-94A5-9FFD6CD6D70F}.Debug|Any CPU.Build.0 = Debug|Any CPU
		{777697BF-3530-4A4D-94A5-9FFD6CD6D70F}.Release|Any CPU.ActiveCfg = Release|Any CPU
		{777697BF-3530-4A4D-94A5-9FFD6CD6D70F}.Release|Any CPU.Build.0 = Release|Any CPU
		{E98BBAFF-DE97-48FB-B99E-019727405EFE}.Debug|Any CPU.ActiveCfg = Debug|Any CPU
		{E98BBAFF-DE97-48FB-B99E-019727405EFE}.Debug|Any CPU.Build.0 = Debug|Any CPU
		{E98BBAFF-DE97-48FB-B99E-019727405EFE}.Debug|Any CPU.Deploy.0 = Debug|Any CPU
		{E98BBAFF-DE97-48FB-B99E-019727405EFE}.Release|Any CPU.ActiveCfg = Release|Any CPU
		{E98BBAFF-DE97-48FB-B99E-019727405EFE}.Release|Any CPU.Build.0 = Release|Any CPU
	EndGlobalSection
	GlobalSection(SolutionProperties) = preSolution
		HideSolutionNode = FALSE
	EndGlobalSection
EndGlobal
